// !$*UTF8*$!
{
	archiveVersion = 1;
	classes = {
	};
	objectVersion = 56;
	objects = {

/* Begin PBXBuildFile section */
		641A93282C56AAD40091A4A6 /* ProductDetailView.swift in Sources */ = {isa = PBXBuildFile; fileRef = 641A93272C56AAD40091A4A6 /* ProductDetailView.swift */; };
		641A932A2C56D4E90091A4A6 /* ProductDetailViewModel.swift in Sources */ = {isa = PBXBuildFile; fileRef = 641A93292C56D4E90091A4A6 /* ProductDetailViewModel.swift */; };
		64251D102C696D1000770FC9 /* CustomButton.swift in Sources */ = {isa = PBXBuildFile; fileRef = 64251D0F2C696D1000770FC9 /* CustomButton.swift */; };
		642F68B92C52EE52002C65B8 /* ProductModel.swift in Sources */ = {isa = PBXBuildFile; fileRef = 642F68B82C52EE52002C65B8 /* ProductModel.swift */; };
		642F68BC2C52EFC3002C65B8 /* ProductCell.swift in Sources */ = {isa = PBXBuildFile; fileRef = 642F68BB2C52EFC3002C65B8 /* ProductCell.swift */; };
		642F68BF2C52F8CB002C65B8 /* CatalogViewModel.swift in Sources */ = {isa = PBXBuildFile; fileRef = 642F68BE2C52F8CB002C65B8 /* CatalogViewModel.swift */; };
		649EE2EF2C6E971B003125FF /* CartViewModel.swift in Sources */ = {isa = PBXBuildFile; fileRef = 649EE2EE2C6E971B003125FF /* CartViewModel.swift */; };
		649EE2F12C6E97AE003125FF /* OrderModel.swift in Sources */ = {isa = PBXBuildFile; fileRef = 649EE2F02C6E97AE003125FF /* OrderModel.swift */; };
		649EE2F32C6E9AB9003125FF /* PositionCell.swift in Sources */ = {isa = PBXBuildFile; fileRef = 649EE2F22C6E9AB9003125FF /* PositionCell.swift */; };
		649EE2F52C6FE457003125FF /* GoogleService-Info.plist in Resources */ = {isa = PBXBuildFile; fileRef = 649EE2F42C6FE457003125FF /* GoogleService-Info.plist */; };
		649EE2F82C6FE86D003125FF /* FirebaseAuth in Frameworks */ = {isa = PBXBuildFile; productRef = 649EE2F72C6FE86D003125FF /* FirebaseAuth */; };
		649EE2FA2C6FE86D003125FF /* FirebaseFirestore in Frameworks */ = {isa = PBXBuildFile; productRef = 649EE2F92C6FE86D003125FF /* FirebaseFirestore */; };
		649EE2FC2C6FE86D003125FF /* FirebaseStorage in Frameworks */ = {isa = PBXBuildFile; productRef = 649EE2FB2C6FE86D003125FF /* FirebaseStorage */; };
		649EE2FE2C6FEC91003125FF /* AuthService.swift in Sources */ = {isa = PBXBuildFile; fileRef = 649EE2FD2C6FEC91003125FF /* AuthService.swift */; };
		649EE3012C6FF854003125FF /* MainTabBarViewModel.swift in Sources */ = {isa = PBXBuildFile; fileRef = 649EE3002C6FF854003125FF /* MainTabBarViewModel.swift */; };
		64BA18EE2C485FDF007D0FE8 /* FoodDeliveryApp.swift in Sources */ = {isa = PBXBuildFile; fileRef = 64BA18ED2C485FDF007D0FE8 /* FoodDeliveryApp.swift */; };
		64BA18F22C485FE1007D0FE8 /* Assets.xcassets in Resources */ = {isa = PBXBuildFile; fileRef = 64BA18F12C485FE1007D0FE8 /* Assets.xcassets */; };
		64BA18F52C485FE1007D0FE8 /* Preview Assets.xcassets in Resources */ = {isa = PBXBuildFile; fileRef = 64BA18F42C485FE1007D0FE8 /* Preview Assets.xcassets */; };
		64CD12812C52CB5E002C8314 /* TabBar.swift in Sources */ = {isa = PBXBuildFile; fileRef = 64CD12802C52CB5E002C8314 /* TabBar.swift */; };
		64CD12852C52D2D3002C8314 /* CartView.swift in Sources */ = {isa = PBXBuildFile; fileRef = 64CD12842C52D2D3002C8314 /* CartView.swift */; };
		64CD12872C52D2E0002C8314 /* ProfileView.swift in Sources */ = {isa = PBXBuildFile; fileRef = 64CD12862C52D2E0002C8314 /* ProfileView.swift */; };
		64CD128D2C52E894002C8314 /* AuthView.swift in Sources */ = {isa = PBXBuildFile; fileRef = 64BA18EF2C485FDF007D0FE8 /* AuthView.swift */; };
		64CD128E2C52EAA4002C8314 /* CatalogView.swift in Sources */ = {isa = PBXBuildFile; fileRef = 64CD12822C52D2A4002C8314 /* CatalogView.swift */; };
/* End PBXBuildFile section */

/* Begin PBXFileReference section */
		641A93272C56AAD40091A4A6 /* ProductDetailView.swift */ = {isa = PBXFileReference; lastKnownFileType = sourcecode.swift; path = ProductDetailView.swift; sourceTree = "<group>"; };
		641A93292C56D4E90091A4A6 /* ProductDetailViewModel.swift */ = {isa = PBXFileReference; lastKnownFileType = sourcecode.swift; path = ProductDetailViewModel.swift; sourceTree = "<group>"; };
		64251D0F2C696D1000770FC9 /* CustomButton.swift */ = {isa = PBXFileReference; lastKnownFileType = sourcecode.swift; path = CustomButton.swift; sourceTree = "<group>"; };
		642F68B82C52EE52002C65B8 /* ProductModel.swift */ = {isa = PBXFileReference; lastKnownFileType = sourcecode.swift; path = ProductModel.swift; sourceTree = "<group>"; };
		642F68BB2C52EFC3002C65B8 /* ProductCell.swift */ = {isa = PBXFileReference; lastKnownFileType = sourcecode.swift; path = ProductCell.swift; sourceTree = "<group>"; };
		642F68BE2C52F8CB002C65B8 /* CatalogViewModel.swift */ = {isa = PBXFileReference; lastKnownFileType = sourcecode.swift; path = CatalogViewModel.swift; sourceTree = "<group>"; };
		649EE2EE2C6E971B003125FF /* CartViewModel.swift */ = {isa = PBXFileReference; lastKnownFileType = sourcecode.swift; path = CartViewModel.swift; sourceTree = "<group>"; };
		649EE2F02C6E97AE003125FF /* OrderModel.swift */ = {isa = PBXFileReference; lastKnownFileType = sourcecode.swift; path = OrderModel.swift; sourceTree = "<group>"; };
		649EE2F22C6E9AB9003125FF /* PositionCell.swift */ = {isa = PBXFileReference; lastKnownFileType = sourcecode.swift; path = PositionCell.swift; sourceTree = "<group>"; };
		649EE2F42C6FE457003125FF /* GoogleService-Info.plist */ = {isa = PBXFileReference; fileEncoding = 4; lastKnownFileType = text.plist.xml; path = "GoogleService-Info.plist"; sourceTree = "<group>"; };
		649EE2FD2C6FEC91003125FF /* AuthService.swift */ = {isa = PBXFileReference; lastKnownFileType = sourcecode.swift; path = AuthService.swift; sourceTree = "<group>"; };
		649EE3002C6FF854003125FF /* MainTabBarViewModel.swift */ = {isa = PBXFileReference; lastKnownFileType = sourcecode.swift; path = MainTabBarViewModel.swift; sourceTree = "<group>"; };
		64BA18EA2C485FDF007D0FE8 /* FoodDelivery.app */ = {isa = PBXFileReference; explicitFileType = wrapper.application; includeInIndex = 0; path = FoodDelivery.app; sourceTree = BUILT_PRODUCTS_DIR; };
		64BA18ED2C485FDF007D0FE8 /* FoodDeliveryApp.swift */ = {isa = PBXFileReference; lastKnownFileType = sourcecode.swift; path = FoodDeliveryApp.swift; sourceTree = "<group>"; };
		64BA18EF2C485FDF007D0FE8 /* AuthView.swift */ = {isa = PBXFileReference; lastKnownFileType = sourcecode.swift; path = AuthView.swift; sourceTree = "<group>"; };
		64BA18F12C485FE1007D0FE8 /* Assets.xcassets */ = {isa = PBXFileReference; lastKnownFileType = folder.assetcatalog; path = Assets.xcassets; sourceTree = "<group>"; };
		64BA18F42C485FE1007D0FE8 /* Preview Assets.xcassets */ = {isa = PBXFileReference; lastKnownFileType = folder.assetcatalog; path = "Preview Assets.xcassets"; sourceTree = "<group>"; };
		64CD12802C52CB5E002C8314 /* TabBar.swift */ = {isa = PBXFileReference; lastKnownFileType = sourcecode.swift; path = TabBar.swift; sourceTree = "<group>"; };
		64CD12822C52D2A4002C8314 /* CatalogView.swift */ = {isa = PBXFileReference; lastKnownFileType = sourcecode.swift; path = CatalogView.swift; sourceTree = "<group>"; };
		64CD12842C52D2D3002C8314 /* CartView.swift */ = {isa = PBXFileReference; lastKnownFileType = sourcecode.swift; path = CartView.swift; sourceTree = "<group>"; };
		64CD12862C52D2E0002C8314 /* ProfileView.swift */ = {isa = PBXFileReference; lastKnownFileType = sourcecode.swift; path = ProfileView.swift; sourceTree = "<group>"; };
/* End PBXFileReference section */

/* Begin PBXFrameworksBuildPhase section */
		64BA18E72C485FDF007D0FE8 /* Frameworks */ = {
			isa = PBXFrameworksBuildPhase;
			buildActionMask = 2147483647;
			files = (
				649EE2F82C6FE86D003125FF /* FirebaseAuth in Frameworks */,
				649EE2FA2C6FE86D003125FF /* FirebaseFirestore in Frameworks */,
				649EE2FC2C6FE86D003125FF /* FirebaseStorage in Frameworks */,
			);
			runOnlyForDeploymentPostprocessing = 0;
		};
/* End PBXFrameworksBuildPhase section */

/* Begin PBXGroup section */
		642F68B72C52EE3E002C65B8 /* Models */ = {
			isa = PBXGroup;
			children = (
				642F68B82C52EE52002C65B8 /* ProductModel.swift */,
				649EE2F02C6E97AE003125FF /* OrderModel.swift */,
			);
			path = Models;
			sourceTree = "<group>";
		};
		642F68BA2C52EF96002C65B8 /* Elements */ = {
			isa = PBXGroup;
			children = (
				642F68BB2C52EFC3002C65B8 /* ProductCell.swift */,
				64251D0F2C696D1000770FC9 /* CustomButton.swift */,
				649EE2F22C6E9AB9003125FF /* PositionCell.swift */,
			);
			path = Elements;
			sourceTree = "<group>";
		};
		642F68BD2C52F8B1002C65B8 /* ViewModel */ = {
			isa = PBXGroup;
			children = (
				642F68BE2C52F8CB002C65B8 /* CatalogViewModel.swift */,
				641A93292C56D4E90091A4A6 /* ProductDetailViewModel.swift */,
				649EE2EE2C6E971B003125FF /* CartViewModel.swift */,
				649EE3002C6FF854003125FF /* MainTabBarViewModel.swift */,
			);
			path = ViewModel;
			sourceTree = "<group>";
		};
		649EE2FF2C6FECB1003125FF /* Services */ = {
			isa = PBXGroup;
			children = (
				649EE2FD2C6FEC91003125FF /* AuthService.swift */,
			);
			path = Services;
			sourceTree = "<group>";
		};
		64BA18E12C485FDF007D0FE8 = {
			isa = PBXGroup;
			children = (
				64BA18EC2C485FDF007D0FE8 /* FoodDelivery */,
				64BA18EB2C485FDF007D0FE8 /* Products */,
			);
			sourceTree = "<group>";
		};
		64BA18EB2C485FDF007D0FE8 /* Products */ = {
			isa = PBXGroup;
			children = (
				64BA18EA2C485FDF007D0FE8 /* FoodDelivery.app */,
			);
			name = Products;
			sourceTree = "<group>";
		};
		64BA18EC2C485FDF007D0FE8 /* FoodDelivery */ = {
			isa = PBXGroup;
			children = (
				64BA18ED2C485FDF007D0FE8 /* FoodDeliveryApp.swift */,
				642F68BD2C52F8B1002C65B8 /* ViewModel */,
				642F68BA2C52EF96002C65B8 /* Elements */,
				642F68B72C52EE3E002C65B8 /* Models */,
				64CD128A2C52E7F2002C8314 /* View */,
				64BA18F12C485FE1007D0FE8 /* Assets.xcassets */,
				649EE2F42C6FE457003125FF /* GoogleService-Info.plist */,
				64BA18F32C485FE1007D0FE8 /* Preview Content */,
				649EE2FF2C6FECB1003125FF /* Services */,
			);
			path = FoodDelivery;
			sourceTree = "<group>";
		};
		64BA18F32C485FE1007D0FE8 /* Preview Content */ = {
			isa = PBXGroup;
			children = (
				64BA18F42C485FE1007D0FE8 /* Preview Assets.xcassets */,
			);
			path = "Preview Content";
			sourceTree = "<group>";
		};
		64CD128A2C52E7F2002C8314 /* View */ = {
			isa = PBXGroup;
			children = (
				64CD12822C52D2A4002C8314 /* CatalogView.swift */,
				64CD12862C52D2E0002C8314 /* ProfileView.swift */,
				64CD12842C52D2D3002C8314 /* CartView.swift */,
				64BA18EF2C485FDF007D0FE8 /* AuthView.swift */,
				64CD12802C52CB5E002C8314 /* TabBar.swift */,
				641A93272C56AAD40091A4A6 /* ProductDetailView.swift */,
			);
			path = View;
			sourceTree = "<group>";
		};
/* End PBXGroup section */

/* Begin PBXNativeTarget section */
		64BA18E92C485FDF007D0FE8 /* FoodDelivery */ = {
			isa = PBXNativeTarget;
			buildConfigurationList = 64BA18F82C485FE1007D0FE8 /* Build configuration list for PBXNativeTarget "FoodDelivery" */;
			buildPhases = (
				64BA18E62C485FDF007D0FE8 /* Sources */,
				64BA18E72C485FDF007D0FE8 /* Frameworks */,
				64BA18E82C485FDF007D0FE8 /* Resources */,
			);
			buildRules = (
			);
			dependencies = (
			);
			name = FoodDelivery;
			packageProductDependencies = (
				649EE2F72C6FE86D003125FF /* FirebaseAuth */,
				649EE2F92C6FE86D003125FF /* FirebaseFirestore */,
				649EE2FB2C6FE86D003125FF /* FirebaseStorage */,
			);
			productName = FoodDelivery;
			productReference = 64BA18EA2C485FDF007D0FE8 /* FoodDelivery.app */;
			productType = "com.apple.product-type.application";
		};
/* End PBXNativeTarget section */

/* Begin PBXProject section */
		64BA18E22C485FDF007D0FE8 /* Project object */ = {
			isa = PBXProject;
			attributes = {
				BuildIndependentTargetsInParallel = 1;
				LastSwiftUpdateCheck = 1540;
				LastUpgradeCheck = 1540;
				TargetAttributes = {
					64BA18E92C485FDF007D0FE8 = {
						CreatedOnToolsVersion = 15.4;
					};
				};
			};
			buildConfigurationList = 64BA18E52C485FDF007D0FE8 /* Build configuration list for PBXProject "FoodDelivery" */;
			compatibilityVersion = "Xcode 14.0";
			developmentRegion = en;
			hasScannedForEncodings = 0;
			knownRegions = (
				en,
				Base,
			);
			mainGroup = 64BA18E12C485FDF007D0FE8;
			packageReferences = (
				649EE2F62C6FE86D003125FF /* XCRemoteSwiftPackageReference "firebase-ios-sdk" */,
			);
			productRefGroup = 64BA18EB2C485FDF007D0FE8 /* Products */;
			projectDirPath = "";
			projectRoot = "";
			targets = (
				64BA18E92C485FDF007D0FE8 /* FoodDelivery */,
			);
		};
/* End PBXProject section */

/* Begin PBXResourcesBuildPhase section */
		64BA18E82C485FDF007D0FE8 /* Resources */ = {
			isa = PBXResourcesBuildPhase;
			buildActionMask = 2147483647;
			files = (
				64BA18F52C485FE1007D0FE8 /* Preview Assets.xcassets in Resources */,
				64BA18F22C485FE1007D0FE8 /* Assets.xcassets in Resources */,
				649EE2F52C6FE457003125FF /* GoogleService-Info.plist in Resources */,
			);
			runOnlyForDeploymentPostprocessing = 0;
		};
/* End PBXResourcesBuildPhase section */

/* Begin PBXSourcesBuildPhase section */
		64BA18E62C485FDF007D0FE8 /* Sources */ = {
			isa = PBXSourcesBuildPhase;
			buildActionMask = 2147483647;
			files = (
				64CD128D2C52E894002C8314 /* AuthView.swift in Sources */,
				641A93282C56AAD40091A4A6 /* ProductDetailView.swift in Sources */,
				64CD128E2C52EAA4002C8314 /* CatalogView.swift in Sources */,
				649EE2EF2C6E971B003125FF /* CartViewModel.swift in Sources */,
				649EE2F32C6E9AB9003125FF /* PositionCell.swift in Sources */,
				64CD12852C52D2D3002C8314 /* CartView.swift in Sources */,
				64CD12812C52CB5E002C8314 /* TabBar.swift in Sources */,
				641A932A2C56D4E90091A4A6 /* ProductDetailViewModel.swift in Sources */,
				64CD12872C52D2E0002C8314 /* ProfileView.swift in Sources */,
				642F68BC2C52EFC3002C65B8 /* ProductCell.swift in Sources */,
				64251D102C696D1000770FC9 /* CustomButton.swift in Sources */,
				649EE2F12C6E97AE003125FF /* OrderModel.swift in Sources */,
				642F68B92C52EE52002C65B8 /* ProductModel.swift in Sources */,
				64BA18EE2C485FDF007D0FE8 /* FoodDeliveryApp.swift in Sources */,
				642F68BF2C52F8CB002C65B8 /* CatalogViewModel.swift in Sources */,
				649EE2FE2C6FEC91003125FF /* AuthService.swift in Sources */,
				649EE3012C6FF854003125FF /* MainTabBarViewModel.swift in Sources */,
			);
			runOnlyForDeploymentPostprocessing = 0;
		};
/* End PBXSourcesBuildPhase section */

/* Begin XCBuildConfiguration section */
		64BA18F62C485FE1007D0FE8 /* Debug */ = {
			isa = XCBuildConfiguration;
			buildSettings = {
				ALWAYS_SEARCH_USER_PATHS = NO;
				ASSETCATALOG_COMPILER_GENERATE_SWIFT_ASSET_SYMBOL_EXTENSIONS = YES;
				CLANG_ANALYZER_NONNULL = YES;
				CLANG_ANALYZER_NUMBER_OBJECT_CONVERSION = YES_AGGRESSIVE;
				CLANG_CXX_LANGUAGE_STANDARD = "gnu++20";
				CLANG_ENABLE_MODULES = YES;
				CLANG_ENABLE_OBJC_ARC = YES;
				CLANG_ENABLE_OBJC_WEAK = YES;
				CLANG_WARN_BLOCK_CAPTURE_AUTORELEASING = YES;
				CLANG_WARN_BOOL_CONVERSION = YES;
				CLANG_WARN_COMMA = YES;
				CLANG_WARN_CONSTANT_CONVERSION = YES;
				CLANG_WARN_DEPRECATED_OBJC_IMPLEMENTATIONS = YES;
				CLANG_WARN_DIRECT_OBJC_ISA_USAGE = YES_ERROR;
				CLANG_WARN_DOCUMENTATION_COMMENTS = YES;
				CLANG_WARN_EMPTY_BODY = YES;
				CLANG_WARN_ENUM_CONVERSION = YES;
				CLANG_WARN_INFINITE_RECURSION = YES;
				CLANG_WARN_INT_CONVERSION = YES;
				CLANG_WARN_NON_LITERAL_NULL_CONVERSION = YES;
				CLANG_WARN_OBJC_IMPLICIT_RETAIN_SELF = YES;
				CLANG_WARN_OBJC_LITERAL_CONVERSION = YES;
				CLANG_WARN_OBJC_ROOT_CLASS = YES_ERROR;
				CLANG_WARN_QUOTED_INCLUDE_IN_FRAMEWORK_HEADER = YES;
				CLANG_WARN_RANGE_LOOP_ANALYSIS = YES;
				CLANG_WARN_STRICT_PROTOTYPES = YES;
				CLANG_WARN_SUSPICIOUS_MOVE = YES;
				CLANG_WARN_UNGUARDED_AVAILABILITY = YES_AGGRESSIVE;
				CLANG_WARN_UNREACHABLE_CODE = YES;
				CLANG_WARN__DUPLICATE_METHOD_MATCH = YES;
				COPY_PHASE_STRIP = NO;
				DEBUG_INFORMATION_FORMAT = dwarf;
				ENABLE_STRICT_OBJC_MSGSEND = YES;
				ENABLE_TESTABILITY = YES;
				ENABLE_USER_SCRIPT_SANDBOXING = YES;
				GCC_C_LANGUAGE_STANDARD = gnu17;
				GCC_DYNAMIC_NO_PIC = NO;
				GCC_NO_COMMON_BLOCKS = YES;
				GCC_OPTIMIZATION_LEVEL = 0;
				GCC_PREPROCESSOR_DEFINITIONS = (
					"DEBUG=1",
					"$(inherited)",
				);
				GCC_WARN_64_TO_32_BIT_CONVERSION = YES;
				GCC_WARN_ABOUT_RETURN_TYPE = YES_ERROR;
				GCC_WARN_UNDECLARED_SELECTOR = YES;
				GCC_WARN_UNINITIALIZED_AUTOS = YES_AGGRESSIVE;
				GCC_WARN_UNUSED_FUNCTION = YES;
				GCC_WARN_UNUSED_VARIABLE = YES;
				IPHONEOS_DEPLOYMENT_TARGET = 17.5;
				LOCALIZATION_PREFERS_STRING_CATALOGS = YES;
				MTL_ENABLE_DEBUG_INFO = INCLUDE_SOURCE;
				MTL_FAST_MATH = YES;
				ONLY_ACTIVE_ARCH = YES;
				SDKROOT = iphoneos;
				SWIFT_ACTIVE_COMPILATION_CONDITIONS = "DEBUG $(inherited)";
				SWIFT_OPTIMIZATION_LEVEL = "-Onone";
			};
			name = Debug;
		};
		64BA18F72C485FE1007D0FE8 /* Release */ = {
			isa = XCBuildConfiguration;
			buildSettings = {
				ALWAYS_SEARCH_USER_PATHS = NO;
				ASSETCATALOG_COMPILER_GENERATE_SWIFT_ASSET_SYMBOL_EXTENSIONS = YES;
				CLANG_ANALYZER_NONNULL = YES;
				CLANG_ANALYZER_NUMBER_OBJECT_CONVERSION = YES_AGGRESSIVE;
				CLANG_CXX_LANGUAGE_STANDARD = "gnu++20";
				CLANG_ENABLE_MODULES = YES;
				CLANG_ENABLE_OBJC_ARC = YES;
				CLANG_ENABLE_OBJC_WEAK = YES;
				CLANG_WARN_BLOCK_CAPTURE_AUTORELEASING = YES;
				CLANG_WARN_BOOL_CONVERSION = YES;
				CLANG_WARN_COMMA = YES;
				CLANG_WARN_CONSTANT_CONVERSION = YES;
				CLANG_WARN_DEPRECATED_OBJC_IMPLEMENTATIONS = YES;
				CLANG_WARN_DIRECT_OBJC_ISA_USAGE = YES_ERROR;
				CLANG_WARN_DOCUMENTATION_COMMENTS = YES;
				CLANG_WARN_EMPTY_BODY = YES;
				CLANG_WARN_ENUM_CONVERSION = YES;
				CLANG_WARN_INFINITE_RECURSION = YES;
				CLANG_WARN_INT_CONVERSION = YES;
				CLANG_WARN_NON_LITERAL_NULL_CONVERSION = YES;
				CLANG_WARN_OBJC_IMPLICIT_RETAIN_SELF = YES;
				CLANG_WARN_OBJC_LITERAL_CONVERSION = YES;
				CLANG_WARN_OBJC_ROOT_CLASS = YES_ERROR;
				CLANG_WARN_QUOTED_INCLUDE_IN_FRAMEWORK_HEADER = YES;
				CLANG_WARN_RANGE_LOOP_ANALYSIS = YES;
				CLANG_WARN_STRICT_PROTOTYPES = YES;
				CLANG_WARN_SUSPICIOUS_MOVE = YES;
				CLANG_WARN_UNGUARDED_AVAILABILITY = YES_AGGRESSIVE;
				CLANG_WARN_UNREACHABLE_CODE = YES;
				CLANG_WARN__DUPLICATE_METHOD_MATCH = YES;
				COPY_PHASE_STRIP = NO;
				DEBUG_INFORMATION_FORMAT = "dwarf-with-dsym";
				ENABLE_NS_ASSERTIONS = NO;
				ENABLE_STRICT_OBJC_MSGSEND = YES;
				ENABLE_USER_SCRIPT_SANDBOXING = YES;
				GCC_C_LANGUAGE_STANDARD = gnu17;
				GCC_NO_COMMON_BLOCKS = YES;
				GCC_WARN_64_TO_32_BIT_CONVERSION = YES;
				GCC_WARN_ABOUT_RETURN_TYPE = YES_ERROR;
				GCC_WARN_UNDECLARED_SELECTOR = YES;
				GCC_WARN_UNINITIALIZED_AUTOS = YES_AGGRESSIVE;
				GCC_WARN_UNUSED_FUNCTION = YES;
				GCC_WARN_UNUSED_VARIABLE = YES;
				IPHONEOS_DEPLOYMENT_TARGET = 17.5;
				LOCALIZATION_PREFERS_STRING_CATALOGS = YES;
				MTL_ENABLE_DEBUG_INFO = NO;
				MTL_FAST_MATH = YES;
				SDKROOT = iphoneos;
				SWIFT_COMPILATION_MODE = wholemodule;
				VALIDATE_PRODUCT = YES;
			};
			name = Release;
		};
		64BA18F92C485FE1007D0FE8 /* Debug */ = {
			isa = XCBuildConfiguration;
			buildSettings = {
				ASSETCATALOG_COMPILER_APPICON_NAME = AppIcon;
				ASSETCATALOG_COMPILER_GLOBAL_ACCENT_COLOR_NAME = AccentColor;
				CODE_SIGN_STYLE = Automatic;
				CURRENT_PROJECT_VERSION = 1;
				DEVELOPMENT_ASSET_PATHS = "\"FoodDelivery/Preview Content\"";
				DEVELOPMENT_TEAM = Z69FH83Z73;
				ENABLE_PREVIEWS = YES;
				GENERATE_INFOPLIST_FILE = YES;
				INFOPLIST_KEY_UIApplicationSceneManifest_Generation = YES;
				INFOPLIST_KEY_UIApplicationSupportsIndirectInputEvents = YES;
				INFOPLIST_KEY_UILaunchScreen_Generation = YES;
				INFOPLIST_KEY_UISupportedInterfaceOrientations_iPad = "UIInterfaceOrientationPortrait UIInterfaceOrientationPortraitUpsideDown UIInterfaceOrientationLandscapeLeft UIInterfaceOrientationLandscapeRight";
				INFOPLIST_KEY_UISupportedInterfaceOrientations_iPhone = "UIInterfaceOrientationPortrait UIInterfaceOrientationLandscapeLeft UIInterfaceOrientationLandscapeRight";
				LD_RUNPATH_SEARCH_PATHS = (
					"$(inherited)",
					"@executable_path/Frameworks",
				);
				MARKETING_VERSION = 1.0;
				PRODUCT_BUNDLE_IDENTIFIER = "-34.FoodDelivery";
				PRODUCT_NAME = "$(TARGET_NAME)";
				SWIFT_EMIT_LOC_STRINGS = YES;
				SWIFT_VERSION = 5.0;
				TARGETED_DEVICE_FAMILY = "1,2";
			};
			name = Debug;
		};
		64BA18FA2C485FE1007D0FE8 /* Release */ = {
			isa = XCBuildConfiguration;
			buildSettings = {
				ASSETCATALOG_COMPILER_APPICON_NAME = AppIcon;
				ASSETCATALOG_COMPILER_GLOBAL_ACCENT_COLOR_NAME = AccentColor;
				CODE_SIGN_STYLE = Automatic;
				CURRENT_PROJECT_VERSION = 1;
				DEVELOPMENT_ASSET_PATHS = "\"FoodDelivery/Preview Content\"";
				DEVELOPMENT_TEAM = Z69FH83Z73;
				ENABLE_PREVIEWS = YES;
				GENERATE_INFOPLIST_FILE = YES;
				INFOPLIST_KEY_UIApplicationSceneManifest_Generation = YES;
				INFOPLIST_KEY_UIApplicationSupportsIndirectInputEvents = YES;
				INFOPLIST_KEY_UILaunchScreen_Generation = YES;
				INFOPLIST_KEY_UISupportedInterfaceOrientations_iPad = "UIInterfaceOrientationPortrait UIInterfaceOrientationPortraitUpsideDown UIInterfaceOrientationLandscapeLeft UIInterfaceOrientationLandscapeRight";
				INFOPLIST_KEY_UISupportedInterfaceOrientations_iPhone = "UIInterfaceOrientationPortrait UIInterfaceOrientationLandscapeLeft UIInterfaceOrientationLandscapeRight";
				LD_RUNPATH_SEARCH_PATHS = (
					"$(inherited)",
					"@executable_path/Frameworks",
				);
				MARKETING_VERSION = 1.0;
				PRODUCT_BUNDLE_IDENTIFIER = "-34.FoodDelivery";
				PRODUCT_NAME = "$(TARGET_NAME)";
				SWIFT_EMIT_LOC_STRINGS = YES;
				SWIFT_VERSION = 5.0;
				TARGETED_DEVICE_FAMILY = "1,2";
			};
			name = Release;
		};
/* End XCBuildConfiguration section */

/* Begin XCConfigurationList section */
		64BA18E52C485FDF007D0FE8 /* Build configuration list for PBXProject "FoodDelivery" */ = {
			isa = XCConfigurationList;
			buildConfigurations = (
				64BA18F62C485FE1007D0FE8 /* Debug */,
				64BA18F72C485FE1007D0FE8 /* Release */,
			);
			defaultConfigurationIsVisible = 0;
			defaultConfigurationName = Release;
		};
		64BA18F82C485FE1007D0FE8 /* Build configuration list for PBXNativeTarget "FoodDelivery" */ = {
			isa = XCConfigurationList;
			buildConfigurations = (
				64BA18F92C485FE1007D0FE8 /* Debug */,
				64BA18FA2C485FE1007D0FE8 /* Release */,
			);
			defaultConfigurationIsVisible = 0;
			defaultConfigurationName = Release;
		};
/* End XCConfigurationList section */

/* Begin XCRemoteSwiftPackageReference section */
		649EE2F62C6FE86D003125FF /* XCRemoteSwiftPackageReference "firebase-ios-sdk" */ = {
			isa = XCRemoteSwiftPackageReference;
			repositoryURL = "https://github.com/firebase/firebase-ios-sdk";
			requirement = {
				kind = upToNextMajorVersion;
				minimumVersion = 11.0.0;
			};
		};
/* End XCRemoteSwiftPackageReference section */

/* Begin XCSwiftPackageProductDependency section */
		649EE2F72C6FE86D003125FF /* FirebaseAuth */ = {
			isa = XCSwiftPackageProductDependency;
			package = 649EE2F62C6FE86D003125FF /* XCRemoteSwiftPackageReference "firebase-ios-sdk" */;
			productName = FirebaseAuth;
		};
		649EE2F92C6FE86D003125FF /* FirebaseFirestore */ = {
			isa = XCSwiftPackageProductDependency;
			package = 649EE2F62C6FE86D003125FF /* XCRemoteSwiftPackageReference "firebase-ios-sdk" */;
			productName = FirebaseFirestore;
		};
		649EE2FB2C6FE86D003125FF /* FirebaseStorage */ = {
			isa = XCSwiftPackageProductDependency;
			package = 649EE2F62C6FE86D003125FF /* XCRemoteSwiftPackageReference "firebase-ios-sdk" */;
			productName = FirebaseStorage;
		};
/* End XCSwiftPackageProductDependency section */
	};
	rootObject = 64BA18E22C485FDF007D0FE8 /* Project object */;
}
